
Microsoft Visual Studio Solution File, Format Version 12.00
# Visual Studio 15
VisualStudioVersion = 15.0.28307.852
MinimumVisualStudioVersion = 10.0.40219.1
Project("{9A19103F-16F7-4668-BE54-9A1E7A4F7556}") = "TheRecipeBox", "TheRecipeBox\TheRecipeBox.csproj", "{100DC7BD-7B09-43CD-B83E-8601205B083A}"
EndProject
Project("{FAE04EC0-301F-11D3-BF4B-00C04F79EFBC}") = "TheRecipeBoxTests", "TheRecipeBoxTests\TheRecipeBoxTests.csproj", "{6856A8D4-C5FB-43F1-BB2D-A54B2597DAE1}"
EndProject
Global
	GlobalSection(SolutionConfigurationPlatforms) = preSolution
		Debug|Any CPU = Debug|Any CPU
		Release|Any CPU = Release|Any CPU
	EndGlobalSection
	GlobalSection(ProjectConfigurationPlatforms) = postSolution
		{100DC7BD-7B09-43CD-B83E-8601205B083A}.Debug|Any CPU.ActiveCfg = Debug|Any CPU
		{100DC7BD-7B09-43CD-B83E-8601205B083A}.Debug|Any CPU.Build.0 = Debug|Any CPU
		{100DC7BD-7B09-43CD-B83E-8601205B083A}.Release|Any CPU.ActiveCfg = Release|Any CPU
		{100DC7BD-7B09-43CD-B83E-8601205B083A}.Release|Any CPU.Build.0 = Release|Any CPU
		{6856A8D4-C5FB-43F1-BB2D-A54B2597DAE1}.Debug|Any CPU.ActiveCfg = Debug|Any CPU
		{6856A8D4-C5FB-43F1-BB2D-A54B2597DAE1}.Debug|Any CPU.Build.0 = Debug|Any CPU
		{6856A8D4-C5FB-43F1-BB2D-A54B2597DAE1}.Release|Any CPU.ActiveCfg = Release|Any CPU
		{6856A8D4-C5FB-43F1-BB2D-A54B2597DAE1}.Release|Any CPU.Build.0 = Release|Any CPU
	EndGlobalSection
	GlobalSection(SolutionProperties) = preSolution
		HideSolutionNode = FALSE
	EndGlobalSection
	GlobalSection(ExtensibilityGlobals) = postSolution
		SolutionGuid = {E7E29398-7EE6-449D-9B26-E1306370309F}
	EndGlobalSection
EndGlobal
